
Microsoft Visual Studio Solution File, Format Version 12.00
# Visual Studio Version 17
VisualStudioVersion = 17.14.36414.22 d17.14
MinimumVisualStudioVersion = 10.0.40219.1
Project("{FAE04EC0-301F-11D3-BF4B-00C04F79EFBC}") = "Vivicasa.CMS.API", "Vivicasa.CMS.API\Vivicasa.CMS.API.csproj", "{C86552AF-7EAF-4728-9B65-8CA8C719683A}"
EndProject
Global
	GlobalSection(SolutionConfigurationPlatforms) = preSolution
		Debug|Any CPU = Debug|Any CPU
		Release|Any CPU = Release|Any CPU
	EndGlobalSection
	GlobalSection(ProjectConfigurationPlatforms) = postSolution
		{C86552AF-7EAF-4728-9B65-8CA8C719683A}.Debug|Any CPU.ActiveCfg = Debug|Any CPU
		{C86552AF-7EAF-4728-9B65-8CA8C719683A}.Debug|Any CPU.Build.0 = Debug|Any CPU
		{C86552AF-7EAF-4728-9B65-8CA8C719683A}.Release|Any CPU.ActiveCfg = Release|Any CPU
		{C86552AF-7EAF-4728-9B65-8CA8C719683A}.Release|Any CPU.Build.0 = Release|Any CPU
	EndGlobalSection
	GlobalSection(SolutionProperties) = preSolution
		HideSolutionNode = FALSE
	EndGlobalSection
	GlobalSection(ExtensibilityGlobals) = postSolution
		SolutionGuid = {FA08885A-1A28-4366-BAA1-3CA206639037}
	EndGlobalSection
EndGlobal
